
Microsoft Visual Studio Solution File, Format Version 12.00
# Visual Studio 2013
VisualStudioVersion = 12.0.40629.0
MinimumVisualStudioVersion = 10.0.40219.1
Project("{FAE04EC0-301F-11D3-BF4B-00C04F79EFBC}") = "ExcelToCSVConversion", "ExcelToCSVConversion.csproj", "{BABCF622-D3D1-4F1E-930F-0705B2FDE07B}"
EndProject
Global
	GlobalSection(SolutionConfigurationPlatforms) = preSolution
		Debug|Any CPU = Debug|Any CPU
		Release|Any CPU = Release|Any CPU
	EndGlobalSection
	GlobalSection(ProjectConfigurationPlatforms) = postSolution
		{BABCF622-D3D1-4F1E-930F-0705B2FDE07B}.Debug|Any CPU.ActiveCfg = Debug|Any CPU
		{BABCF622-D3D1-4F1E-930F-0705B2FDE07B}.Debug|Any CPU.Build.0 = Debug|Any CPU
		{BABCF622-D3D1-4F1E-930F-0705B2FDE07B}.Release|Any CPU.ActiveCfg = Release|Any CPU
		{BABCF622-D3D1-4F1E-930F-0705B2FDE07B}.Release|Any CPU.Build.0 = Release|Any CPU
	EndGlobalSection
	GlobalSection(SolutionProperties) = preSolution
		HideSolutionNode = FALSE
	EndGlobalSection
EndGlobal
